
Microsoft Visual Studio Solution File, Format Version 12.00
# Visual Studio 15
VisualStudioVersion = 15.0.28010.2003
MinimumVisualStudioVersion = 10.0.40219.1
Project("{FAE04EC0-301F-11D3-BF4B-00C04F79EFBC}") = "ZipNachWebAPI", "ZipNachWebAPI\ZipNachWebAPI.csproj", "{17B06AA4-5CE8-4DB8-AED6-7CB0F47162DA}"
EndProject
Global
	GlobalSection(SolutionConfigurationPlatforms) = preSolution
		Debug|Any CPU = Debug|Any CPU
		Release|Any CPU = Release|Any CPU
	EndGlobalSection
	GlobalSection(ProjectConfigurationPlatforms) = postSolution
		{17B06AA4-5CE8-4DB8-AED6-7CB0F47162DA}.Debug|Any CPU.ActiveCfg = Debug|Any CPU
		{17B06AA4-5CE8-4DB8-AED6-7CB0F47162DA}.Debug|Any CPU.Build.0 = Debug|Any CPU
		{17B06AA4-5CE8-4DB8-AED6-7CB0F47162DA}.Release|Any CPU.ActiveCfg = Release|Any CPU
		{17B06AA4-5CE8-4DB8-AED6-7CB0F47162DA}.Release|Any CPU.Build.0 = Release|Any CPU
	EndGlobalSection
	GlobalSection(SolutionProperties) = preSolution
		HideSolutionNode = FALSE
	EndGlobalSection
	GlobalSection(ExtensibilityGlobals) = postSolution
		SolutionGuid = {89DD84A2-19AC-4429-8E6C-5E25CBA165C1}
	EndGlobalSection
EndGlobal
